
Microsoft Visual Studio Solution File, Format Version 12.00
# Visual Studio Version 17
VisualStudioVersion = 17.10.35201.131
MinimumVisualStudioVersion = 10.0.40219.1
Project("{FAE04EC0-301F-11D3-BF4B-00C04F79EFBC}") = "Catalogoplantas", "SistemaTransito\Catalogoplantas.csproj", "{3149B1BA-CB09-4143-9D5A-227E8CD89F34}"
EndProject
Global
	GlobalSection(SolutionConfigurationPlatforms) = preSolution
		Debug|Any CPU = Debug|Any CPU
		Release|Any CPU = Release|Any CPU
	EndGlobalSection
	GlobalSection(ProjectConfigurationPlatforms) = postSolution
		{3149B1BA-CB09-4143-9D5A-227E8CD89F34}.Debug|Any CPU.ActiveCfg = Debug|Any CPU
		{3149B1BA-CB09-4143-9D5A-227E8CD89F34}.Debug|Any CPU.Build.0 = Debug|Any CPU
		{3149B1BA-CB09-4143-9D5A-227E8CD89F34}.Release|Any CPU.ActiveCfg = Release|Any CPU
		{3149B1BA-CB09-4143-9D5A-227E8CD89F34}.Release|Any CPU.Build.0 = Release|Any CPU
	EndGlobalSection
	GlobalSection(SolutionProperties) = preSolution
		HideSolutionNode = FALSE
	EndGlobalSection
	GlobalSection(ExtensibilityGlobals) = postSolution
		SolutionGuid = {35D8B35D-C302-4B0A-A11D-09459662065D}
	EndGlobalSection
EndGlobal
